
Microsoft Visual Studio Solution File, Format Version 12.00
# Visual Studio 15
VisualStudioVersion = 15.0.26403.7
MinimumVisualStudioVersion = 10.0.40219.1
Project("{FAE04EC0-301F-11D3-BF4B-00C04F79EFBC}") = "TakeOutSystem", "TakeOutSystem\TakeOutSystem.csproj", "{194D8D23-C6C3-4486-9870-331DF3231978}"
EndProject
Global
	GlobalSection(SolutionConfigurationPlatforms) = preSolution
		Debug|Any CPU = Debug|Any CPU
		Debug|x64 = Debug|x64
		Release|Any CPU = Release|Any CPU
		Release|x64 = Release|x64
	EndGlobalSection
	GlobalSection(ProjectConfigurationPlatforms) = postSolution
		{194D8D23-C6C3-4486-9870-331DF3231978}.Debug|Any CPU.ActiveCfg = Debug|Any CPU
		{194D8D23-C6C3-4486-9870-331DF3231978}.Debug|Any CPU.Build.0 = Debug|Any CPU
		{194D8D23-C6C3-4486-9870-331DF3231978}.Debug|x64.ActiveCfg = Debug|x64
		{194D8D23-C6C3-4486-9870-331DF3231978}.Debug|x64.Build.0 = Debug|x64
		{194D8D23-C6C3-4486-9870-331DF3231978}.Release|Any CPU.ActiveCfg = Release|x64
		{194D8D23-C6C3-4486-9870-331DF3231978}.Release|Any CPU.Build.0 = Release|x64
		{194D8D23-C6C3-4486-9870-331DF3231978}.Release|x64.ActiveCfg = Release|x64
		{194D8D23-C6C3-4486-9870-331DF3231978}.Release|x64.Build.0 = Release|x64
	EndGlobalSection
	GlobalSection(SolutionProperties) = preSolution
		HideSolutionNode = FALSE
	EndGlobalSection
	GlobalSection(ExtensibilityGlobals) = postSolution
		SolutionGuid = {FFF11A18-08A7-452C-9D67-BE3D615BB941}
	EndGlobalSection
EndGlobal
